
Microsoft Visual Studio Solution File, Format Version 12.00
# Visual Studio 14
VisualStudioVersion = 14.0.24720.0
MinimumVisualStudioVersion = 10.0.40219.1
Project("{FAE04EC0-301F-11D3-BF4B-00C04F79EFBC}") = "Xamarin.Forms.OAuth", "Xamarin.Forms.OAuth\Xamarin.Forms.OAuth.csproj", "{67F9D3A8-F71E-4428-913F-C37AE82CDB24}"
EndProject
Project("{2150E333-8FDC-42A3-9474-1A3956D46DE8}") = "TestApp", "TestApp", "{40EDC417-5F0A-452F-BA92-A6F842F6F267}"
EndProject
Project("{FAE04EC0-301F-11D3-BF4B-00C04F79EFBC}") = "OAuthTestApp.Droid", "OAuthTestApp\OAuthTestApp.Droid\OAuthTestApp.Droid.csproj", "{779EA49C-7DC6-451B-A7CD-1BD4D7620699}"
EndProject
Project("{FAE04EC0-301F-11D3-BF4B-00C04F79EFBC}") = "OAuthTestApp.iOS", "OAuthTestApp\OAuthTestApp.iOS\OAuthTestApp.iOS.csproj", "{FB9BE69A-7375-4241-BEFA-5219853DF4B3}"
EndProject
Project("{FAE04EC0-301F-11D3-BF4B-00C04F79EFBC}") = "OAuthTestApp.WinPhone", "OAuthTestApp\OAuthTestApp.WinPhone\OAuthTestApp.WinPhone.csproj", "{CA69AD26-6FC9-4C02-B71F-4578E1868E13}"
EndProject
Project("{FAE04EC0-301F-11D3-BF4B-00C04F79EFBC}") = "OAuthTestApp.UWP", "OAuthTestApp\OAuthTestApp.UWP\OAuthTestApp.UWP.csproj", "{785CFAF8-C0DE-4EE5-A734-752313F6E1D7}"
EndProject
Project("{FAE04EC0-301F-11D3-BF4B-00C04F79EFBC}") = "OAuthTestApp.Windows", "OAuthTestApp\OAuthTestApp.Windows\OAuthTestApp.Windows.csproj", "{1F9869F8-EDF1-47D7-AFE3-3CA7481A7283}"
EndProject
Project("{FAE04EC0-301F-11D3-BF4B-00C04F79EFBC}") = "OAuthTestApp", "OAuthTestApp\OAuthTestApp\OAuthTestApp.csproj", "{A78FE340-F556-4961-B774-67DFD5FFE6BD}"
EndProject
Global
	GlobalSection(SolutionConfigurationPlatforms) = preSolution
		Ad-Hoc|Any CPU = Ad-Hoc|Any CPU
		Ad-Hoc|ARM = Ad-Hoc|ARM
		Ad-Hoc|iPhone = Ad-Hoc|iPhone
		Ad-Hoc|iPhoneSimulator = Ad-Hoc|iPhoneSimulator
		Ad-Hoc|x64 = Ad-Hoc|x64
		Ad-Hoc|x86 = Ad-Hoc|x86
		AppStore|Any CPU = AppStore|Any CPU
		AppStore|ARM = AppStore|ARM
		AppStore|iPhone = AppStore|iPhone
		AppStore|iPhoneSimulator = AppStore|iPhoneSimulator
		AppStore|x64 = AppStore|x64
		AppStore|x86 = AppStore|x86
		Debug|Any CPU = Debug|Any CPU
		Debug|ARM = Debug|ARM
		Debug|iPhone = Debug|iPhone
		Debug|iPhoneSimulator = Debug|iPhoneSimulator
		Debug|x64 = Debug|x64
		Debug|x86 = Debug|x86
		Release|Any CPU = Release|Any CPU
		Release|ARM = Release|ARM
		Release|iPhone = Release|iPhone
		Release|iPhoneSimulator = Release|iPhoneSimulator
		Release|x64 = Release|x64
		Release|x86 = Release|x86
	EndGlobalSection
	GlobalSection(ProjectConfigurationPlatforms) = postSolution
		{67F9D3A8-F71E-4428-913F-C37AE82CDB24}.Ad-Hoc|Any CPU.ActiveCfg = Release|Any CPU
		{67F9D3A8-F71E-4428-913F-C37AE82CDB24}.Ad-Hoc|Any CPU.Build.0 = Release|Any CPU
		{67F9D3A8-F71E-4428-913F-C37AE82CDB24}.Ad-Hoc|ARM.ActiveCfg = Release|Any CPU
		{67F9D3A8-F71E-4428-913F-C37AE82CDB24}.Ad-Hoc|ARM.Build.0 = Release|Any CPU
		{67F9D3A8-F71E-4428-913F-C37AE82CDB24}.Ad-Hoc|iPhone.ActiveCfg = Release|Any CPU
		{67F9D3A8-F71E-4428-913F-C37AE82CDB24}.Ad-Hoc|iPhone.Build.0 = Release|Any CPU
		{67F9D3A8-F71E-4428-913F-C37AE82CDB24}.Ad-Hoc|iPhoneSimulator.ActiveCfg = Release|Any CPU
		{67F9D3A8-F71E-4428-913F-C37AE82CDB24}.Ad-Hoc|iPhoneSimulator.Build.0 = Release|Any CPU
		{67F9D3A8-F71E-4428-913F-C37AE82CDB24}.Ad-Hoc|x64.ActiveCfg = Release|Any CPU
		{67F9D3A8-F71E-4428-913F-C37AE82CDB24}.Ad-Hoc|x64.Build.0 = Release|Any CPU
		{67F9D3A8-F71E-4428-913F-C37AE82CDB24}.Ad-Hoc|x86.ActiveCfg = Release|Any CPU
		{67F9D3A8-F71E-4428-913F-C37AE82CDB24}.Ad-Hoc|x86.Build.0 = Release|Any CPU
		{67F9D3A8-F71E-4428-913F-C37AE82CDB24}.AppStore|Any CPU.ActiveCfg = Release|Any CPU
		{67F9D3A8-F71E-4428-913F-C37AE82CDB24}.AppStore|Any CPU.Build.0 = Release|Any CPU
		{67F9D3A8-F71E-4428-913F-C37AE82CDB24}.AppStore|ARM.ActiveCfg = Release|Any CPU
		{67F9D3A8-F71E-4428-913F-C37AE82CDB24}.AppStore|ARM.Build.0 = Release|Any CPU
		{67F9D3A8-F71E-4428-913F-C37AE82CDB24}.AppStore|iPhone.ActiveCfg = Release|Any CPU
		{67F9D3A8-F71E-4428-913F-C37AE82CDB24}.AppStore|iPhone.Build.0 = Release|Any CPU
		{67F9D3A8-F71E-4428-913F-C37AE82CDB24}.AppStore|iPhoneSimulator.ActiveCfg = Release|Any CPU
		{67F9D3A8-F71E-4428-913F-C37AE82CDB24}.AppStore|iPhoneSimulator.Build.0 = Release|Any CPU
		{67F9D3A8-F71E-4428-913F-C37AE82CDB24}.AppStore|x64.ActiveCfg = Release|Any CPU
		{67F9D3A8-F71E-4428-913F-C37AE82CDB24}.AppStore|x64.Build.0 = Release|Any CPU
		{67F9D3A8-F71E-4428-913F-C37AE82CDB24}.AppStore|x86.ActiveCfg = Release|Any CPU
		{67F9D3A8-F71E-4428-913F-C37AE82CDB24}.AppStore|x86.Build.0 = Release|Any CPU
		{67F9D3A8-F71E-4428-913F-C37AE82CDB24}.Debug|Any CPU.ActiveCfg = Debug|Any CPU
		{67F9D3A8-F71E-4428-913F-C37AE82CDB24}.Debug|Any CPU.Build.0 = Debug|Any CPU
		{67F9D3A8-F71E-4428-913F-C37AE82CDB24}.Debug|ARM.ActiveCfg = Debug|Any CPU
		{67F9D3A8-F71E-4428-913F-C37AE82CDB24}.Debug|ARM.Build.0 = Debug|Any CPU
		{67F9D3A8-F71E-4428-913F-C37AE82CDB24}.Debug|iPhone.ActiveCfg = Debug|Any CPU
		{67F9D3A8-F71E-4428-913F-C37AE82CDB24}.Debug|iPhone.Build.0 = Debug|Any CPU
		{67F9D3A8-F71E-4428-913F-C37AE82CDB24}.Debug|iPhoneSimulator.ActiveCfg = Debug|Any CPU
		{67F9D3A8-F71E-4428-913F-C37AE82CDB24}.Debug|iPhoneSimulator.Build.0 = Debug|Any CPU
		{67F9D3A8-F71E-4428-913F-C37AE82CDB24}.Debug|x64.ActiveCfg = Debug|Any CPU
		{67F9D3A8-F71E-4428-913F-C37AE82CDB24}.Debug|x64.Build.0 = Debug|Any CPU
		{67F9D3A8-F71E-4428-913F-C37AE82CDB24}.Debug|x86.ActiveCfg = Debug|Any CPU
		{67F9D3A8-F71E-4428-913F-C37AE82CDB24}.Debug|x86.Build.0 = Debug|Any CPU
		{67F9D3A8-F71E-4428-913F-C37AE82CDB24}.Release|Any CPU.ActiveCfg = Release|Any CPU
		{67F9D3A8-F71E-4428-913F-C37AE82CDB24}.Release|Any CPU.Build.0 = Release|Any CPU
		{67F9D3A8-F71E-4428-913F-C37AE82CDB24}.Release|ARM.ActiveCfg = Release|Any CPU
		{67F9D3A8-F71E-4428-913F-C37AE82CDB24}.Release|ARM.Build.0 = Release|Any CPU
		{67F9D3A8-F71E-4428-913F-C37AE82CDB24}.Release|iPhone.ActiveCfg = Release|Any CPU
		{67F9D3A8-F71E-4428-913F-C37AE82CDB24}.Release|iPhone.Build.0 = Release|Any CPU
		{67F9D3A8-F71E-4428-913F-C37AE82CDB24}.Release|iPhoneSimulator.ActiveCfg = Release|Any CPU
		{67F9D3A8-F71E-4428-913F-C37AE82CDB24}.Release|iPhoneSimulator.Build.0 = Release|Any CPU
		{67F9D3A8-F71E-4428-913F-C37AE82CDB24}.Release|x64.ActiveCfg = Release|Any CPU
		{67F9D3A8-F71E-4428-913F-C37AE82CDB24}.Release|x64.Build.0 = Release|Any CPU
		{67F9D3A8-F71E-4428-913F-C37AE82CDB24}.Release|x86.ActiveCfg = Release|Any CPU
		{67F9D3A8-F71E-4428-913F-C37AE82CDB24}.Release|x86.Build.0 = Release|Any CPU
		{779EA49C-7DC6-451B-A7CD-1BD4D7620699}.Ad-Hoc|Any CPU.ActiveCfg = Release|Any CPU
		{779EA49C-7DC6-451B-A7CD-1BD4D7620699}.Ad-Hoc|Any CPU.Build.0 = Release|Any CPU
		{779EA49C-7DC6-451B-A7CD-1BD4D7620699}.Ad-Hoc|Any CPU.Deploy.0 = Release|Any CPU
		{779EA49C-7DC6-451B-A7CD-1BD4D7620699}.Ad-Hoc|ARM.ActiveCfg = Release|Any CPU
		{779EA49C-7DC6-451B-A7CD-1BD4D7620699}.Ad-Hoc|ARM.Build.0 = Release|Any CPU
		{779EA49C-7DC6-451B-A7CD-1BD4D7620699}.Ad-Hoc|ARM.Deploy.0 = Release|Any CPU
		{779EA49C-7DC6-451B-A7CD-1BD4D7620699}.Ad-Hoc|iPhone.ActiveCfg = Release|Any CPU
		{779EA49C-7DC6-451B-A7CD-1BD4D7620699}.Ad-Hoc|iPhone.Build.0 = Release|Any CPU
		{779EA49C-7DC6-451B-A7CD-1BD4D7620699}.Ad-Hoc|iPhone.Deploy.0 = Release|Any CPU
		{779EA49C-7DC6-451B-A7CD-1BD4D7620699}.Ad-Hoc|iPhoneSimulator.ActiveCfg = Release|Any CPU
		{779EA49C-7DC6-451B-A7CD-1BD4D7620699}.Ad-Hoc|iPhoneSimulator.Build.0 = Release|Any CPU
		{779EA49C-7DC6-451B-A7CD-1BD4D7620699}.Ad-Hoc|iPhoneSimulator.Deploy.0 = Release|Any CPU
		{779EA49C-7DC6-451B-A7CD-1BD4D7620699}.Ad-Hoc|x64.ActiveCfg = Release|Any CPU
		{779EA49C-7DC6-451B-A7CD-1BD4D7620699}.Ad-Hoc|x64.Build.0 = Release|Any CPU
		{779EA49C-7DC6-451B-A7CD-1BD4D7620699}.Ad-Hoc|x64.Deploy.0 = Release|Any CPU
		{779EA49C-7DC6-451B-A7CD-1BD4D7620699}.Ad-Hoc|x86.ActiveCfg = Release|Any CPU
		{779EA49C-7DC6-451B-A7CD-1BD4D7620699}.Ad-Hoc|x86.Build.0 = Release|Any CPU
		{779EA49C-7DC6-451B-A7CD-1BD4D7620699}.Ad-Hoc|x86.Deploy.0 = Release|Any CPU
		{779EA49C-7DC6-451B-A7CD-1BD4D7620699}.AppStore|Any CPU.ActiveCfg = Release|Any CPU
		{779EA49C-7DC6-451B-A7CD-1BD4D7620699}.AppStore|Any CPU.Build.0 = Release|Any CPU
		{779EA49C-7DC6-451B-A7CD-1BD4D7620699}.AppStore|Any CPU.Deploy.0 = Release|Any CPU
		{779EA49C-7DC6-451B-A7CD-1BD4D7620699}.AppStore|ARM.ActiveCfg = Release|Any CPU
		{779EA49C-7DC6-451B-A7CD-1BD4D7620699}.AppStore|ARM.Build.0 = Release|Any CPU
		{779EA49C-7DC6-451B-A7CD-1BD4D7620699}.AppStore|ARM.Deploy.0 = Release|Any CPU
		{779EA49C-7DC6-451B-A7CD-1BD4D7620699}.AppStore|iPhone.ActiveCfg = Release|Any CPU
		{779EA49C-7DC6-451B-A7CD-1BD4D7620699}.AppStore|iPhone.Build.0 = Release|Any CPU
		{779EA49C-7DC6-451B-A7CD-1BD4D7620699}.AppStore|iPhone.Deploy.0 = Release|Any CPU
		{779EA49C-7DC6-451B-A7CD-1BD4D7620699}.AppStore|iPhoneSimulator.ActiveCfg = Release|Any CPU
		{779EA49C-7DC6-451B-A7CD-1BD4D7620699}.AppStore|iPhoneSimulator.Build.0 = Release|Any CPU
		{779EA49C-7DC6-451B-A7CD-1BD4D7620699}.AppStore|iPhoneSimulator.Deploy.0 = Release|Any CPU
		{779EA49C-7DC6-451B-A7CD-1BD4D7620699}.AppStore|x64.ActiveCfg = Release|Any CPU
		{779EA49C-7DC6-451B-A7CD-1BD4D7620699}.AppStore|x64.Build.0 = Release|Any CPU
		{779EA49C-7DC6-451B-A7CD-1BD4D7620699}.AppStore|x64.Deploy.0 = Release|Any CPU
		{779EA49C-7DC6-451B-A7CD-1BD4D7620699}.AppStore|x86.ActiveCfg = Release|Any CPU
		{779EA49C-7DC6-451B-A7CD-1BD4D7620699}.AppStore|x86.Build.0 = Release|Any CPU
		{779EA49C-7DC6-451B-A7CD-1BD4D7620699}.AppStore|x86.Deploy.0 = Release|Any CPU
		{779EA49C-7DC6-451B-A7CD-1BD4D7620699}.Debug|Any CPU.ActiveCfg = Debug|Any CPU
		{779EA49C-7DC6-451B-A7CD-1BD4D7620699}.Debug|Any CPU.Build.0 = Debug|Any CPU
		{779EA49C-7DC6-451B-A7CD-1BD4D7620699}.Debug|Any CPU.Deploy.0 = Debug|Any CPU
		{779EA49C-7DC6-451B-A7CD-1BD4D7620699}.Debug|ARM.ActiveCfg = Debug|Any CPU
		{779EA49C-7DC6-451B-A7CD-1BD4D7620699}.Debug|ARM.Build.0 = Debug|Any CPU
		{779EA49C-7DC6-451B-A7CD-1BD4D7620699}.Debug|ARM.Deploy.0 = Debug|Any CPU
		{779EA49C-7DC6-451B-A7CD-1BD4D7620699}.Debug|iPhone.ActiveCfg = Debug|Any CPU
		{779EA49C-7DC6-451B-A7CD-1BD4D7620699}.Debug|iPhone.Build.0 = Debug|Any CPU
		{779EA49C-7DC6-451B-A7CD-1BD4D7620699}.Debug|iPhone.Deploy.0 = Debug|Any CPU
		{779EA49C-7DC6-451B-A7CD-1BD4D7620699}.Debug|iPhoneSimulator.ActiveCfg = Debug|Any CPU
		{779EA49C-7DC6-451B-A7CD-1BD4D7620699}.Debug|iPhoneSimulator.Build.0 = Debug|Any CPU
		{779EA49C-7DC6-451B-A7CD-1BD4D7620699}.Debug|iPhoneSimulator.Deploy.0 = Debug|Any CPU
		{779EA49C-7DC6-451B-A7CD-1BD4D7620699}.Debug|x64.ActiveCfg = Debug|Any CPU
		{779EA49C-7DC6-451B-A7CD-1BD4D7620699}.Debug|x64.Build.0 = Debug|Any CPU
		{779EA49C-7DC6-451B-A7CD-1BD4D7620699}.Debug|x64.Deploy.0 = Debug|Any CPU
		{779EA49C-7DC6-451B-A7CD-1BD4D7620699}.Debug|x86.ActiveCfg = Debug|Any CPU
		{779EA49C-7DC6-451B-A7CD-1BD4D7620699}.Debug|x86.Build.0 = Debug|Any CPU
		{779EA49C-7DC6-451B-A7CD-1BD4D7620699}.Debug|x86.Deploy.0 = Debug|Any CPU
		{779EA49C-7DC6-451B-A7CD-1BD4D7620699}.Release|Any CPU.ActiveCfg = Release|Any CPU
		{779EA49C-7DC6-451B-A7CD-1BD4D7620699}.Release|Any CPU.Build.0 = Release|Any CPU
		{779EA49C-7DC6-451B-A7CD-1BD4D7620699}.Release|Any CPU.Deploy.0 = Release|Any CPU
		{779EA49C-7DC6-451B-A7CD-1BD4D7620699}.Release|ARM.ActiveCfg = Release|Any CPU
		{779EA49C-7DC6-451B-A7CD-1BD4D7620699}.Release|ARM.Build.0 = Release|Any CPU
		{779EA49C-7DC6-451B-A7CD-1BD4D7620699}.Release|ARM.Deploy.0 = Release|Any CPU
		{779EA49C-7DC6-451B-A7CD-1BD4D7620699}.Release|iPhone.ActiveCfg = Release|Any CPU
		{779EA49C-7DC6-451B-A7CD-1BD4D7620699}.Release|iPhone.Build.0 = Release|Any CPU
		{779EA49C-7DC6-451B-A7CD-1BD4D7620699}.Release|iPhone.Deploy.0 = Release|Any CPU
		{779EA49C-7DC6-451B-A7CD-1BD4D7620699}.Release|iPhoneSimulator.ActiveCfg = Release|Any CPU
		{779EA49C-7DC6-451B-A7CD-1BD4D7620699}.Release|iPhoneSimulator.Build.0 = Release|Any CPU
		{779EA49C-7DC6-451B-A7CD-1BD4D7620699}.Release|iPhoneSimulator.Deploy.0 = Release|Any CPU
		{779EA49C-7DC6-451B-A7CD-1BD4D7620699}.Release|x64.ActiveCfg = Release|Any CPU
		{779EA49C-7DC6-451B-A7CD-1BD4D7620699}.Release|x64.Build.0 = Release|Any CPU
		{779EA49C-7DC6-451B-A7CD-1BD4D7620699}.Release|x64.Deploy.0 = Release|Any CPU
		{779EA49C-7DC6-451B-A7CD-1BD4D7620699}.Release|x86.ActiveCfg = Release|Any CPU
		{779EA49C-7DC6-451B-A7CD-1BD4D7620699}.Release|x86.Build.0 = Release|Any CPU
		{779EA49C-7DC6-451B-A7CD-1BD4D7620699}.Release|x86.Deploy.0 = Release|Any CPU
		{FB9BE69A-7375-4241-BEFA-5219853DF4B3}.Ad-Hoc|Any CPU.ActiveCfg = Ad-Hoc|iPhone
		{FB9BE69A-7375-4241-BEFA-5219853DF4B3}.Ad-Hoc|ARM.ActiveCfg = Ad-Hoc|iPhone
		{FB9BE69A-7375-4241-BEFA-5219853DF4B3}.Ad-Hoc|iPhone.ActiveCfg = Ad-Hoc|iPhone
		{FB9BE69A-7375-4241-BEFA-5219853DF4B3}.Ad-Hoc|iPhone.Build.0 = Ad-Hoc|iPhone
		{FB9BE69A-7375-4241-BEFA-5219853DF4B3}.Ad-Hoc|iPhoneSimulator.ActiveCfg = Ad-Hoc|iPhoneSimulator
		{FB9BE69A-7375-4241-BEFA-5219853DF4B3}.Ad-Hoc|iPhoneSimulator.Build.0 = Ad-Hoc|iPhoneSimulator
		{FB9BE69A-7375-4241-BEFA-5219853DF4B3}.Ad-Hoc|x64.ActiveCfg = Ad-Hoc|iPhone
		{FB9BE69A-7375-4241-BEFA-5219853DF4B3}.Ad-Hoc|x86.ActiveCfg = Ad-Hoc|iPhone
		{FB9BE69A-7375-4241-BEFA-5219853DF4B3}.AppStore|Any CPU.ActiveCfg = AppStore|iPhone
		{FB9BE69A-7375-4241-BEFA-5219853DF4B3}.AppStore|ARM.ActiveCfg = AppStore|iPhone
		{FB9BE69A-7375-4241-BEFA-5219853DF4B3}.AppStore|iPhone.ActiveCfg = AppStore|iPhone
		{FB9BE69A-7375-4241-BEFA-5219853DF4B3}.AppStore|iPhone.Build.0 = AppStore|iPhone
		{FB9BE69A-7375-4241-BEFA-5219853DF4B3}.AppStore|iPhoneSimulator.ActiveCfg = AppStore|iPhoneSimulator
		{FB9BE69A-7375-4241-BEFA-5219853DF4B3}.AppStore|iPhoneSimulator.Build.0 = AppStore|iPhoneSimulator
		{FB9BE69A-7375-4241-BEFA-5219853DF4B3}.AppStore|x64.ActiveCfg = AppStore|iPhone
		{FB9BE69A-7375-4241-BEFA-5219853DF4B3}.AppStore|x86.ActiveCfg = AppStore|iPhone
		{FB9BE69A-7375-4241-BEFA-5219853DF4B3}.Debug|Any CPU.ActiveCfg = Debug|iPhone
		{FB9BE69A-7375-4241-BEFA-5219853DF4B3}.Debug|ARM.ActiveCfg = Debug|iPhone
		{FB9BE69A-7375-4241-BEFA-5219853DF4B3}.Debug|iPhone.ActiveCfg = Debug|iPhone
		{FB9BE69A-7375-4241-BEFA-5219853DF4B3}.Debug|iPhone.Build.0 = Debug|iPhone
		{FB9BE69A-7375-4241-BEFA-5219853DF4B3}.Debug|iPhoneSimulator.ActiveCfg = Debug|iPhoneSimulator
		{FB9BE69A-7375-4241-BEFA-5219853DF4B3}.Debug|iPhoneSimulator.Build.0 = Debug|iPhoneSimulator
		{FB9BE69A-7375-4241-BEFA-5219853DF4B3}.Debug|x64.ActiveCfg = Debug|iPhone
		{FB9BE69A-7375-4241-BEFA-5219853DF4B3}.Debug|x86.ActiveCfg = Debug|iPhone
		{FB9BE69A-7375-4241-BEFA-5219853DF4B3}.Release|Any CPU.ActiveCfg = Release|iPhone
		{FB9BE69A-7375-4241-BEFA-5219853DF4B3}.Release|ARM.ActiveCfg = Release|iPhone
		{FB9BE69A-7375-4241-BEFA-5219853DF4B3}.Release|iPhone.ActiveCfg = Release|iPhone
		{FB9BE69A-7375-4241-BEFA-5219853DF4B3}.Release|iPhone.Build.0 = Release|iPhone
		{FB9BE69A-7375-4241-BEFA-5219853DF4B3}.Release|iPhoneSimulator.ActiveCfg = Release|iPhoneSimulator
		{FB9BE69A-7375-4241-BEFA-5219853DF4B3}.Release|iPhoneSimulator.Build.0 = Release|iPhoneSimulator
		{FB9BE69A-7375-4241-BEFA-5219853DF4B3}.Release|x64.ActiveCfg = Release|iPhone
		{FB9BE69A-7375-4241-BEFA-5219853DF4B3}.Release|x86.ActiveCfg = Release|iPhone
		{CA69AD26-6FC9-4C02-B71F-4578E1868E13}.Ad-Hoc|Any CPU.ActiveCfg = Release|Any CPU
		{CA69AD26-6FC9-4C02-B71F-4578E1868E13}.Ad-Hoc|Any CPU.Build.0 = Release|Any CPU
		{CA69AD26-6FC9-4C02-B71F-4578E1868E13}.Ad-Hoc|Any CPU.Deploy.0 = Release|Any CPU
		{CA69AD26-6FC9-4C02-B71F-4578E1868E13}.Ad-Hoc|ARM.ActiveCfg = Release|ARM
		{CA69AD26-6FC9-4C02-B71F-4578E1868E13}.Ad-Hoc|ARM.Build.0 = Release|ARM
		{CA69AD26-6FC9-4C02-B71F-4578E1868E13}.Ad-Hoc|ARM.Deploy.0 = Release|ARM
		{CA69AD26-6FC9-4C02-B71F-4578E1868E13}.Ad-Hoc|iPhone.ActiveCfg = Release|Any CPU
		{CA69AD26-6FC9-4C02-B71F-4578E1868E13}.Ad-Hoc|iPhone.Build.0 = Release|Any CPU
		{CA69AD26-6FC9-4C02-B71F-4578E1868E13}.Ad-Hoc|iPhone.Deploy.0 = Release|Any CPU
		{CA69AD26-6FC9-4C02-B71F-4578E1868E13}.Ad-Hoc|iPhoneSimulator.ActiveCfg = Release|Any CPU
		{CA69AD26-6FC9-4C02-B71F-4578E1868E13}.Ad-Hoc|iPhoneSimulator.Build.0 = Release|Any CPU
		{CA69AD26-6FC9-4C02-B71F-4578E1868E13}.Ad-Hoc|iPhoneSimulator.Deploy.0 = Release|Any CPU
		{CA69AD26-6FC9-4C02-B71F-4578E1868E13}.Ad-Hoc|x64.ActiveCfg = Release|Any CPU
		{CA69AD26-6FC9-4C02-B71F-4578E1868E13}.Ad-Hoc|x64.Build.0 = Release|Any CPU
		{CA69AD26-6FC9-4C02-B71F-4578E1868E13}.Ad-Hoc|x64.Deploy.0 = Release|Any CPU
		{CA69AD26-6FC9-4C02-B71F-4578E1868E13}.Ad-Hoc|x86.ActiveCfg = Release|x86
		{CA69AD26-6FC9-4C02-B71F-4578E1868E13}.Ad-Hoc|x86.Build.0 = Release|x86
		{CA69AD26-6FC9-4C02-B71F-4578E1868E13}.Ad-Hoc|x86.Deploy.0 = Release|x86
		{CA69AD26-6FC9-4C02-B71F-4578E1868E13}.AppStore|Any CPU.ActiveCfg = Release|Any CPU
		{CA69AD26-6FC9-4C02-B71F-4578E1868E13}.AppStore|Any CPU.Build.0 = Release|Any CPU
		{CA69AD26-6FC9-4C02-B71F-4578E1868E13}.AppStore|Any CPU.Deploy.0 = Release|Any CPU
		{CA69AD26-6FC9-4C02-B71F-4578E1868E13}.AppStore|ARM.ActiveCfg = Release|ARM
		{CA69AD26-6FC9-4C02-B71F-4578E1868E13}.AppStore|ARM.Build.0 = Release|ARM
		{CA69AD26-6FC9-4C02-B71F-4578E1868E13}.AppStore|ARM.Deploy.0 = Release|ARM
		{CA69AD26-6FC9-4C02-B71F-4578E1868E13}.AppStore|iPhone.ActiveCfg = Release|Any CPU
		{CA69AD26-6FC9-4C02-B71F-4578E1868E13}.AppStore|iPhone.Build.0 = Release|Any CPU
		{CA69AD26-6FC9-4C02-B71F-4578E1868E13}.AppStore|iPhone.Deploy.0 = Release|Any CPU
		{CA69AD26-6FC9-4C02-B71F-4578E1868E13}.AppStore|iPhoneSimulator.ActiveCfg = Release|Any CPU
		{CA69AD26-6FC9-4C02-B71F-4578E1868E13}.AppStore|iPhoneSimulator.Build.0 = Release|Any CPU
		{CA69AD26-6FC9-4C02-B71F-4578E1868E13}.AppStore|iPhoneSimulator.Deploy.0 = Release|Any CPU
		{CA69AD26-6FC9-4C02-B71F-4578E1868E13}.AppStore|x64.ActiveCfg = Release|Any CPU
		{CA69AD26-6FC9-4C02-B71F-4578E1868E13}.AppStore|x64.Build.0 = Release|Any CPU
		{CA69AD26-6FC9-4C02-B71F-4578E1868E13}.AppStore|x64.Deploy.0 = Release|Any CPU
		{CA69AD26-6FC9-4C02-B71F-4578E1868E13}.AppStore|x86.ActiveCfg = Release|x86
		{CA69AD26-6FC9-4C02-B71F-4578E1868E13}.AppStore|x86.Build.0 = Release|x86
		{CA69AD26-6FC9-4C02-B71F-4578E1868E13}.AppStore|x86.Deploy.0 = Release|x86
		{CA69AD26-6FC9-4C02-B71F-4578E1868E13}.Debug|Any CPU.ActiveCfg = Debug|Any CPU
		{CA69AD26-6FC9-4C02-B71F-4578E1868E13}.Debug|Any CPU.Build.0 = Debug|Any CPU
		{CA69AD26-6FC9-4C02-B71F-4578E1868E13}.Debug|Any CPU.Deploy.0 = Debug|Any CPU
		{CA69AD26-6FC9-4C02-B71F-4578E1868E13}.Debug|ARM.ActiveCfg = Debug|ARM
		{CA69AD26-6FC9-4C02-B71F-4578E1868E13}.Debug|ARM.Build.0 = Debug|ARM
		{CA69AD26-6FC9-4C02-B71F-4578E1868E13}.Debug|ARM.Deploy.0 = Debug|ARM
		{CA69AD26-6FC9-4C02-B71F-4578E1868E13}.Debug|iPhone.ActiveCfg = Debug|Any CPU
		{CA69AD26-6FC9-4C02-B71F-4578E1868E13}.Debug|iPhone.Build.0 = Debug|Any CPU
		{CA69AD26-6FC9-4C02-B71F-4578E1868E13}.Debug|iPhone.Deploy.0 = Debug|Any CPU
		{CA69AD26-6FC9-4C02-B71F-4578E1868E13}.Debug|iPhoneSimulator.ActiveCfg = Debug|Any CPU
		{CA69AD26-6FC9-4C02-B71F-4578E1868E13}.Debug|iPhoneSimulator.Build.0 = Debug|Any CPU
		{CA69AD26-6FC9-4C02-B71F-4578E1868E13}.Debug|iPhoneSimulator.Deploy.0 = Debug|Any CPU
		{CA69AD26-6FC9-4C02-B71F-4578E1868E13}.Debug|x64.ActiveCfg = Debug|Any CPU
		{CA69AD26-6FC9-4C02-B71F-4578E1868E13}.Debug|x64.Build.0 = Debug|Any CPU
		{CA69AD26-6FC9-4C02-B71F-4578E1868E13}.Debug|x64.Deploy.0 = Debug|Any CPU
		{CA69AD26-6FC9-4C02-B71F-4578E1868E13}.Debug|x86.ActiveCfg = Debug|x86
		{CA69AD26-6FC9-4C02-B71F-4578E1868E13}.Debug|x86.Build.0 = Debug|x86
		{CA69AD26-6FC9-4C02-B71F-4578E1868E13}.Debug|x86.Deploy.0 = Debug|x86
		{CA69AD26-6FC9-4C02-B71F-4578E1868E13}.Release|Any CPU.ActiveCfg = Release|Any CPU
		{CA69AD26-6FC9-4C02-B71F-4578E1868E13}.Release|Any CPU.Build.0 = Release|Any CPU
		{CA69AD26-6FC9-4C02-B71F-4578E1868E13}.Release|Any CPU.Deploy.0 = Release|Any CPU
		{CA69AD26-6FC9-4C02-B71F-4578E1868E13}.Release|ARM.ActiveCfg = Release|ARM
		{CA69AD26-6FC9-4C02-B71F-4578E1868E13}.Release|ARM.Build.0 = Release|ARM
		{CA69AD26-6FC9-4C02-B71F-4578E1868E13}.Release|ARM.Deploy.0 = Release|ARM
		{CA69AD26-6FC9-4C02-B71F-4578E1868E13}.Release|iPhone.ActiveCfg = Release|Any CPU
		{CA69AD26-6FC9-4C02-B71F-4578E1868E13}.Release|iPhone.Build.0 = Release|Any CPU
		{CA69AD26-6FC9-4C02-B71F-4578E1868E13}.Release|iPhone.Deploy.0 = Release|Any CPU
		{CA69AD26-6FC9-4C02-B71F-4578E1868E13}.Release|iPhoneSimulator.ActiveCfg = Release|Any CPU
		{CA69AD26-6FC9-4C02-B71F-4578E1868E13}.Release|iPhoneSimulator.Build.0 = Release|Any CPU
		{CA69AD26-6FC9-4C02-B71F-4578E1868E13}.Release|iPhoneSimulator.Deploy.0 = Release|Any CPU
		{CA69AD26-6FC9-4C02-B71F-4578E1868E13}.Release|x64.ActiveCfg = Release|Any CPU
		{CA69AD26-6FC9-4C02-B71F-4578E1868E13}.Release|x64.Build.0 = Release|Any CPU
		{CA69AD26-6FC9-4C02-B71F-4578E1868E13}.Release|x64.Deploy.0 = Release|Any CPU
		{CA69AD26-6FC9-4C02-B71F-4578E1868E13}.Release|x86.ActiveCfg = Release|x86
		{CA69AD26-6FC9-4C02-B71F-4578E1868E13}.Release|x86.Build.0 = Release|x86
		{CA69AD26-6FC9-4C02-B71F-4578E1868E13}.Release|x86.Deploy.0 = Release|x86
		{785CFAF8-C0DE-4EE5-A734-752313F6E1D7}.Ad-Hoc|Any CPU.ActiveCfg = Release|x86
		{785CFAF8-C0DE-4EE5-A734-752313F6E1D7}.Ad-Hoc|Any CPU.Build.0 = Release|x86
		{785CFAF8-C0DE-4EE5-A734-752313F6E1D7}.Ad-Hoc|Any CPU.Deploy.0 = Release|x86
		{785CFAF8-C0DE-4EE5-A734-752313F6E1D7}.Ad-Hoc|ARM.ActiveCfg = Release|ARM
		{785CFAF8-C0DE-4EE5-A734-752313F6E1D7}.Ad-Hoc|ARM.Build.0 = Release|ARM
		{785CFAF8-C0DE-4EE5-A734-752313F6E1D7}.Ad-Hoc|ARM.Deploy.0 = Release|ARM
		{785CFAF8-C0DE-4EE5-A734-752313F6E1D7}.Ad-Hoc|iPhone.ActiveCfg = Release|x86
		{785CFAF8-C0DE-4EE5-A734-752313F6E1D7}.Ad-Hoc|iPhone.Build.0 = Release|x86
		{785CFAF8-C0DE-4EE5-A734-752313F6E1D7}.Ad-Hoc|iPhone.Deploy.0 = Release|x86
		{785CFAF8-C0DE-4EE5-A734-752313F6E1D7}.Ad-Hoc|iPhoneSimulator.ActiveCfg = Release|x86
		{785CFAF8-C0DE-4EE5-A734-752313F6E1D7}.Ad-Hoc|iPhoneSimulator.Build.0 = Release|x86
		{785CFAF8-C0DE-4EE5-A734-752313F6E1D7}.Ad-Hoc|iPhoneSimulator.Deploy.0 = Release|x86
		{785CFAF8-C0DE-4EE5-A734-752313F6E1D7}.Ad-Hoc|x64.ActiveCfg = Release|x64
		{785CFAF8-C0DE-4EE5-A734-752313F6E1D7}.Ad-Hoc|x64.Build.0 = Release|x64
		{785CFAF8-C0DE-4EE5-A734-752313F6E1D7}.Ad-Hoc|x64.Deploy.0 = Release|x64
		{785CFAF8-C0DE-4EE5-A734-752313F6E1D7}.Ad-Hoc|x86.ActiveCfg = Release|x86
		{785CFAF8-C0DE-4EE5-A734-752313F6E1D7}.Ad-Hoc|x86.Build.0 = Release|x86
		{785CFAF8-C0DE-4EE5-A734-752313F6E1D7}.Ad-Hoc|x86.Deploy.0 = Release|x86
		{785CFAF8-C0DE-4EE5-A734-752313F6E1D7}.AppStore|Any CPU.ActiveCfg = Release|x86
		{785CFAF8-C0DE-4EE5-A734-752313F6E1D7}.AppStore|Any CPU.Build.0 = Release|x86
		{785CFAF8-C0DE-4EE5-A734-752313F6E1D7}.AppStore|Any CPU.Deploy.0 = Release|x86
		{785CFAF8-C0DE-4EE5-A734-752313F6E1D7}.AppStore|ARM.ActiveCfg = Release|ARM
		{785CFAF8-C0DE-4EE5-A734-752313F6E1D7}.AppStore|ARM.Build.0 = Release|ARM
		{785CFAF8-C0DE-4EE5-A734-752313F6E1D7}.AppStore|ARM.Deploy.0 = Release|ARM
		{785CFAF8-C0DE-4EE5-A734-752313F6E1D7}.AppStore|iPhone.ActiveCfg = Release|x86
		{785CFAF8-C0DE-4EE5-A734-752313F6E1D7}.AppStore|iPhone.Build.0 = Release|x86
		{785CFAF8-C0DE-4EE5-A734-752313F6E1D7}.AppStore|iPhone.Deploy.0 = Release|x86
		{785CFAF8-C0DE-4EE5-A734-752313F6E1D7}.AppStore|iPhoneSimulator.ActiveCfg = Release|x86
		{785CFAF8-C0DE-4EE5-A734-752313F6E1D7}.AppStore|iPhoneSimulator.Build.0 = Release|x86
		{785CFAF8-C0DE-4EE5-A734-752313F6E1D7}.AppStore|iPhoneSimulator.Deploy.0 = Release|x86
		{785CFAF8-C0DE-4EE5-A734-752313F6E1D7}.AppStore|x64.ActiveCfg = Release|x64
		{785CFAF8-C0DE-4EE5-A734-752313F6E1D7}.AppStore|x64.Build.0 = Release|x64
		{785CFAF8-C0DE-4EE5-A734-752313F6E1D7}.AppStore|x64.Deploy.0 = Release|x64
		{785CFAF8-C0DE-4EE5-A734-752313F6E1D7}.AppStore|x86.ActiveCfg = Release|x86
		{785CFAF8-C0DE-4EE5-A734-752313F6E1D7}.AppStore|x86.Build.0 = Release|x86
		{785CFAF8-C0DE-4EE5-A734-752313F6E1D7}.AppStore|x86.Deploy.0 = Release|x86
		{785CFAF8-C0DE-4EE5-A734-752313F6E1D7}.Debug|Any CPU.ActiveCfg = Debug|x86
		{785CFAF8-C0DE-4EE5-A734-752313F6E1D7}.Debug|Any CPU.Build.0 = Debug|x86
		{785CFAF8-C0DE-4EE5-A734-752313F6E1D7}.Debug|Any CPU.Deploy.0 = Debug|x86
		{785CFAF8-C0DE-4EE5-A734-752313F6E1D7}.Debug|ARM.ActiveCfg = Debug|ARM
		{785CFAF8-C0DE-4EE5-A734-752313F6E1D7}.Debug|ARM.Build.0 = Debug|ARM
		{785CFAF8-C0DE-4EE5-A734-752313F6E1D7}.Debug|ARM.Deploy.0 = Debug|ARM
		{785CFAF8-C0DE-4EE5-A734-752313F6E1D7}.Debug|iPhone.ActiveCfg = Debug|x86
		{785CFAF8-C0DE-4EE5-A734-752313F6E1D7}.Debug|iPhoneSimulator.ActiveCfg = Debug|x86
		{785CFAF8-C0DE-4EE5-A734-752313F6E1D7}.Debug|x64.ActiveCfg = Debug|x64
		{785CFAF8-C0DE-4EE5-A734-752313F6E1D7}.Debug|x64.Build.0 = Debug|x64
		{785CFAF8-C0DE-4EE5-A734-752313F6E1D7}.Debug|x64.Deploy.0 = Debug|x64
		{785CFAF8-C0DE-4EE5-A734-752313F6E1D7}.Debug|x86.ActiveCfg = Debug|x86
		{785CFAF8-C0DE-4EE5-A734-752313F6E1D7}.Debug|x86.Build.0 = Debug|x86
		{785CFAF8-C0DE-4EE5-A734-752313F6E1D7}.Debug|x86.Deploy.0 = Debug|x86
		{785CFAF8-C0DE-4EE5-A734-752313F6E1D7}.Release|Any CPU.ActiveCfg = Release|x86
		{785CFAF8-C0DE-4EE5-A734-752313F6E1D7}.Release|Any CPU.Build.0 = Release|x86
		{785CFAF8-C0DE-4EE5-A734-752313F6E1D7}.Release|Any CPU.Deploy.0 = Release|x86
		{785CFAF8-C0DE-4EE5-A734-752313F6E1D7}.Release|ARM.ActiveCfg = Release|ARM
		{785CFAF8-C0DE-4EE5-A734-752313F6E1D7}.Release|ARM.Build.0 = Release|ARM
		{785CFAF8-C0DE-4EE5-A734-752313F6E1D7}.Release|ARM.Deploy.0 = Release|ARM
		{785CFAF8-C0DE-4EE5-A734-752313F6E1D7}.Release|iPhone.ActiveCfg = Release|x86
		{785CFAF8-C0DE-4EE5-A734-752313F6E1D7}.Release|iPhoneSimulator.ActiveCfg = Release|x86
		{785CFAF8-C0DE-4EE5-A734-752313F6E1D7}.Release|x64.ActiveCfg = Release|x64
		{785CFAF8-C0DE-4EE5-A734-752313F6E1D7}.Release|x64.Build.0 = Release|x64
		{785CFAF8-C0DE-4EE5-A734-752313F6E1D7}.Release|x64.Deploy.0 = Release|x64
		{785CFAF8-C0DE-4EE5-A734-752313F6E1D7}.Release|x86.ActiveCfg = Release|x86
		{785CFAF8-C0DE-4EE5-A734-752313F6E1D7}.Release|x86.Build.0 = Release|x86
		{785CFAF8-C0DE-4EE5-A734-752313F6E1D7}.Release|x86.Deploy.0 = Release|x86
		{1F9869F8-EDF1-47D7-AFE3-3CA7481A7283}.Ad-Hoc|Any CPU.ActiveCfg = Release|Any CPU
		{1F9869F8-EDF1-47D7-AFE3-3CA7481A7283}.Ad-Hoc|Any CPU.Build.0 = Release|Any CPU
		{1F9869F8-EDF1-47D7-AFE3-3CA7481A7283}.Ad-Hoc|Any CPU.Deploy.0 = Release|Any CPU
		{1F9869F8-EDF1-47D7-AFE3-3CA7481A7283}.Ad-Hoc|ARM.ActiveCfg = Release|ARM
		{1F9869F8-EDF1-47D7-AFE3-3CA7481A7283}.Ad-Hoc|ARM.Build.0 = Release|ARM
		{1F9869F8-EDF1-47D7-AFE3-3CA7481A7283}.Ad-Hoc|ARM.Deploy.0 = Release|ARM
		{1F9869F8-EDF1-47D7-AFE3-3CA7481A7283}.Ad-Hoc|iPhone.ActiveCfg = Release|Any CPU
		{1F9869F8-EDF1-47D7-AFE3-3CA7481A7283}.Ad-Hoc|iPhone.Build.0 = Release|Any CPU
		{1F9869F8-EDF1-47D7-AFE3-3CA7481A7283}.Ad-Hoc|iPhone.Deploy.0 = Release|Any CPU
		{1F9869F8-EDF1-47D7-AFE3-3CA7481A7283}.Ad-Hoc|iPhoneSimulator.ActiveCfg = Release|Any CPU
		{1F9869F8-EDF1-47D7-AFE3-3CA7481A7283}.Ad-Hoc|iPhoneSimulator.Build.0 = Release|Any CPU
		{1F9869F8-EDF1-47D7-AFE3-3CA7481A7283}.Ad-Hoc|iPhoneSimulator.Deploy.0 = Release|Any CPU
		{1F9869F8-EDF1-47D7-AFE3-3CA7481A7283}.Ad-Hoc|x64.ActiveCfg = Release|x64
		{1F9869F8-EDF1-47D7-AFE3-3CA7481A7283}.Ad-Hoc|x64.Build.0 = Release|x64
		{1F9869F8-EDF1-47D7-AFE3-3CA7481A7283}.Ad-Hoc|x64.Deploy.0 = Release|x64
		{1F9869F8-EDF1-47D7-AFE3-3CA7481A7283}.Ad-Hoc|x86.ActiveCfg = Release|x86
		{1F9869F8-EDF1-47D7-AFE3-3CA7481A7283}.Ad-Hoc|x86.Build.0 = Release|x86
		{1F9869F8-EDF1-47D7-AFE3-3CA7481A7283}.Ad-Hoc|x86.Deploy.0 = Release|x86
		{1F9869F8-EDF1-47D7-AFE3-3CA7481A7283}.AppStore|Any CPU.ActiveCfg = Release|Any CPU
		{1F9869F8-EDF1-47D7-AFE3-3CA7481A7283}.AppStore|Any CPU.Build.0 = Release|Any CPU
		{1F9869F8-EDF1-47D7-AFE3-3CA7481A7283}.AppStore|Any CPU.Deploy.0 = Release|Any CPU
		{1F9869F8-EDF1-47D7-AFE3-3CA7481A7283}.AppStore|ARM.ActiveCfg = Release|ARM
		{1F9869F8-EDF1-47D7-AFE3-3CA7481A7283}.AppStore|ARM.Build.0 = Release|ARM
		{1F9869F8-EDF1-47D7-AFE3-3CA7481A7283}.AppStore|ARM.Deploy.0 = Release|ARM
		{1F9869F8-EDF1-47D7-AFE3-3CA7481A7283}.AppStore|iPhone.ActiveCfg = Release|Any CPU
		{1F9869F8-EDF1-47D7-AFE3-3CA7481A7283}.AppStore|iPhone.Build.0 = Release|Any CPU
		{1F9869F8-EDF1-47D7-AFE3-3CA7481A7283}.AppStore|iPhone.Deploy.0 = Release|Any CPU
		{1F9869F8-EDF1-47D7-AFE3-3CA7481A7283}.AppStore|iPhoneSimulator.ActiveCfg = Release|Any CPU
		{1F9869F8-EDF1-47D7-AFE3-3CA7481A7283}.AppStore|iPhoneSimulator.Build.0 = Release|Any CPU
		{1F9869F8-EDF1-47D7-AFE3-3CA7481A7283}.AppStore|iPhoneSimulator.Deploy.0 = Release|Any CPU
		{1F9869F8-EDF1-47D7-AFE3-3CA7481A7283}.AppStore|x64.ActiveCfg = Release|x64
		{1F9869F8-EDF1-47D7-AFE3-3CA7481A7283}.AppStore|x64.Build.0 = Release|x64
		{1F9869F8-EDF1-47D7-AFE3-3CA7481A7283}.AppStore|x64.Deploy.0 = Release|x64
		{1F9869F8-EDF1-47D7-AFE3-3CA7481A7283}.AppStore|x86.ActiveCfg = Release|x86
		{1F9869F8-EDF1-47D7-AFE3-3CA7481A7283}.AppStore|x86.Build.0 = Release|x86
		{1F9869F8-EDF1-47D7-AFE3-3CA7481A7283}.AppStore|x86.Deploy.0 = Release|x86
		{1F9869F8-EDF1-47D7-AFE3-3CA7481A7283}.Debug|Any CPU.ActiveCfg = Debug|Any CPU
		{1F9869F8-EDF1-47D7-AFE3-3CA7481A7283}.Debug|Any CPU.Build.0 = Debug|Any CPU
		{1F9869F8-EDF1-47D7-AFE3-3CA7481A7283}.Debug|Any CPU.Deploy.0 = Debug|Any CPU
		{1F9869F8-EDF1-47D7-AFE3-3CA7481A7283}.Debug|ARM.ActiveCfg = Debug|ARM
		{1F9869F8-EDF1-47D7-AFE3-3CA7481A7283}.Debug|ARM.Build.0 = Debug|ARM
		{1F9869F8-EDF1-47D7-AFE3-3CA7481A7283}.Debug|ARM.Deploy.0 = Debug|ARM
		{1F9869F8-EDF1-47D7-AFE3-3CA7481A7283}.Debug|iPhone.ActiveCfg = Debug|Any CPU
		{1F9869F8-EDF1-47D7-AFE3-3CA7481A7283}.Debug|iPhone.Build.0 = Debug|Any CPU
		{1F9869F8-EDF1-47D7-AFE3-3CA7481A7283}.Debug|iPhone.Deploy.0 = Debug|Any CPU
		{1F9869F8-EDF1-47D7-AFE3-3CA7481A7283}.Debug|iPhoneSimulator.ActiveCfg = Debug|Any CPU
		{1F9869F8-EDF1-47D7-AFE3-3CA7481A7283}.Debug|iPhoneSimulator.Build.0 = Debug|Any CPU
		{1F9869F8-EDF1-47D7-AFE3-3CA7481A7283}.Debug|iPhoneSimulator.Deploy.0 = Debug|Any CPU
		{1F9869F8-EDF1-47D7-AFE3-3CA7481A7283}.Debug|x64.ActiveCfg = Debug|x64
		{1F9869F8-EDF1-47D7-AFE3-3CA7481A7283}.Debug|x64.Build.0 = Debug|x64
		{1F9869F8-EDF1-47D7-AFE3-3CA7481A7283}.Debug|x64.Deploy.0 = Debug|x64
		{1F9869F8-EDF1-47D7-AFE3-3CA7481A7283}.Debug|x86.ActiveCfg = Debug|x86
		{1F9869F8-EDF1-47D7-AFE3-3CA7481A7283}.Debug|x86.Build.0 = Debug|x86
		{1F9869F8-EDF1-47D7-AFE3-3CA7481A7283}.Debug|x86.Deploy.0 = Debug|x86
		{1F9869F8-EDF1-47D7-AFE3-3CA7481A7283}.Release|Any CPU.ActiveCfg = Release|Any CPU
		{1F9869F8-EDF1-47D7-AFE3-3CA7481A7283}.Release|Any CPU.Build.0 = Release|Any CPU
		{1F9869F8-EDF1-47D7-AFE3-3CA7481A7283}.Release|Any CPU.Deploy.0 = Release|Any CPU
		{1F9869F8-EDF1-47D7-AFE3-3CA7481A7283}.Release|ARM.ActiveCfg = Release|ARM
		{1F9869F8-EDF1-47D7-AFE3-3CA7481A7283}.Release|ARM.Build.0 = Release|ARM
		{1F9869F8-EDF1-47D7-AFE3-3CA7481A7283}.Release|ARM.Deploy.0 = Release|ARM
		{1F9869F8-EDF1-47D7-AFE3-3CA7481A7283}.Release|iPhone.ActiveCfg = Release|Any CPU
		{1F9869F8-EDF1-47D7-AFE3-3CA7481A7283}.Release|iPhone.Build.0 = Release|Any CPU
		{1F9869F8-EDF1-47D7-AFE3-3CA7481A7283}.Release|iPhone.Deploy.0 = Release|Any CPU
		{1F9869F8-EDF1-47D7-AFE3-3CA7481A7283}.Release|iPhoneSimulator.ActiveCfg = Release|Any CPU
		{1F9869F8-EDF1-47D7-AFE3-3CA7481A7283}.Release|iPhoneSimulator.Build.0 = Release|Any CPU
		{1F9869F8-EDF1-47D7-AFE3-3CA7481A7283}.Release|iPhoneSimulator.Deploy.0 = Release|Any CPU
		{1F9869F8-EDF1-47D7-AFE3-3CA7481A7283}.Release|x64.ActiveCfg = Release|x64
		{1F9869F8-EDF1-47D7-AFE3-3CA7481A7283}.Release|x64.Build.0 = Release|x64
		{1F9869F8-EDF1-47D7-AFE3-3CA7481A7283}.Release|x64.Deploy.0 = Release|x64
		{1F9869F8-EDF1-47D7-AFE3-3CA7481A7283}.Release|x86.ActiveCfg = Release|x86
		{1F9869F8-EDF1-47D7-AFE3-3CA7481A7283}.Release|x86.Build.0 = Release|x86
		{1F9869F8-EDF1-47D7-AFE3-3CA7481A7283}.Release|x86.Deploy.0 = Release|x86
		{A78FE340-F556-4961-B774-67DFD5FFE6BD}.Ad-Hoc|Any CPU.ActiveCfg = Release|Any CPU
		{A78FE340-F556-4961-B774-67DFD5FFE6BD}.Ad-Hoc|Any CPU.Build.0 = Release|Any CPU
		{A78FE340-F556-4961-B774-67DFD5FFE6BD}.Ad-Hoc|ARM.ActiveCfg = Release|Any CPU
		{A78FE340-F556-4961-B774-67DFD5FFE6BD}.Ad-Hoc|ARM.Build.0 = Release|Any CPU
		{A78FE340-F556-4961-B774-67DFD5FFE6BD}.Ad-Hoc|iPhone.ActiveCfg = Release|Any CPU
		{A78FE340-F556-4961-B774-67DFD5FFE6BD}.Ad-Hoc|iPhone.Build.0 = Release|Any CPU
		{A78FE340-F556-4961-B774-67DFD5FFE6BD}.Ad-Hoc|iPhoneSimulator.ActiveCfg = Release|Any CPU
		{A78FE340-F556-4961-B774-67DFD5FFE6BD}.Ad-Hoc|iPhoneSimulator.Build.0 = Release|Any CPU
		{A78FE340-F556-4961-B774-67DFD5FFE6BD}.Ad-Hoc|x64.ActiveCfg = Release|Any CPU
		{A78FE340-F556-4961-B774-67DFD5FFE6BD}.Ad-Hoc|x64.Build.0 = Release|Any CPU
		{A78FE340-F556-4961-B774-67DFD5FFE6BD}.Ad-Hoc|x86.ActiveCfg = Release|Any CPU
		{A78FE340-F556-4961-B774-67DFD5FFE6BD}.Ad-Hoc|x86.Build.0 = Release|Any CPU
		{A78FE340-F556-4961-B774-67DFD5FFE6BD}.AppStore|Any CPU.ActiveCfg = Release|Any CPU
		{A78FE340-F556-4961-B774-67DFD5FFE6BD}.AppStore|Any CPU.Build.0 = Release|Any CPU
		{A78FE340-F556-4961-B774-67DFD5FFE6BD}.AppStore|ARM.ActiveCfg = Release|Any CPU
		{A78FE340-F556-4961-B774-67DFD5FFE6BD}.AppStore|ARM.Build.0 = Release|Any CPU
		{A78FE340-F556-4961-B774-67DFD5FFE6BD}.AppStore|iPhone.ActiveCfg = Release|Any CPU
		{A78FE340-F556-4961-B774-67DFD5FFE6BD}.AppStore|iPhone.Build.0 = Release|Any CPU
		{A78FE340-F556-4961-B774-67DFD5FFE6BD}.AppStore|iPhoneSimulator.ActiveCfg = Release|Any CPU
		{A78FE340-F556-4961-B774-67DFD5FFE6BD}.AppStore|iPhoneSimulator.Build.0 = Release|Any CPU
		{A78FE340-F556-4961-B774-67DFD5FFE6BD}.AppStore|x64.ActiveCfg = Release|Any CPU
		{A78FE340-F556-4961-B774-67DFD5FFE6BD}.AppStore|x64.Build.0 = Release|Any CPU
		{A78FE340-F556-4961-B774-67DFD5FFE6BD}.AppStore|x86.ActiveCfg = Release|Any CPU
		{A78FE340-F556-4961-B774-67DFD5FFE6BD}.AppStore|x86.Build.0 = Release|Any CPU
		{A78FE340-F556-4961-B774-67DFD5FFE6BD}.Debug|Any CPU.ActiveCfg = Debug|Any CPU
		{A78FE340-F556-4961-B774-67DFD5FFE6BD}.Debug|Any CPU.Build.0 = Debug|Any CPU
		{A78FE340-F556-4961-B774-67DFD5FFE6BD}.Debug|ARM.ActiveCfg = Debug|Any CPU
		{A78FE340-F556-4961-B774-67DFD5FFE6BD}.Debug|ARM.Build.0 = Debug|Any CPU
		{A78FE340-F556-4961-B774-67DFD5FFE6BD}.Debug|iPhone.ActiveCfg = Debug|Any CPU
		{A78FE340-F556-4961-B774-67DFD5FFE6BD}.Debug|iPhone.Build.0 = Debug|Any CPU
		{A78FE340-F556-4961-B774-67DFD5FFE6BD}.Debug|iPhoneSimulator.ActiveCfg = Debug|Any CPU
		{A78FE340-F556-4961-B774-67DFD5FFE6BD}.Debug|iPhoneSimulator.Build.0 = Debug|Any CPU
		{A78FE340-F556-4961-B774-67DFD5FFE6BD}.Debug|x64.ActiveCfg = Debug|Any CPU
		{A78FE340-F556-4961-B774-67DFD5FFE6BD}.Debug|x64.Build.0 = Debug|Any CPU
		{A78FE340-F556-4961-B774-67DFD5FFE6BD}.Debug|x86.ActiveCfg = Debug|Any CPU
		{A78FE340-F556-4961-B774-67DFD5FFE6BD}.Debug|x86.Build.0 = Debug|Any CPU
		{A78FE340-F556-4961-B774-67DFD5FFE6BD}.Release|Any CPU.ActiveCfg = Release|Any CPU
		{A78FE340-F556-4961-B774-67DFD5FFE6BD}.Release|Any CPU.Build.0 = Release|Any CPU
		{A78FE340-F556-4961-B774-67DFD5FFE6BD}.Release|ARM.ActiveCfg = Release|Any CPU
		{A78FE340-F556-4961-B774-67DFD5FFE6BD}.Release|ARM.Build.0 = Release|Any CPU
		{A78FE340-F556-4961-B774-67DFD5FFE6BD}.Release|iPhone.ActiveCfg = Release|Any CPU
		{A78FE340-F556-4961-B774-67DFD5FFE6BD}.Release|iPhone.Build.0 = Release|Any CPU
		{A78FE340-F556-4961-B774-67DFD5FFE6BD}.Release|iPhoneSimulator.ActiveCfg = Release|Any CPU
		{A78FE340-F556-4961-B774-67DFD5FFE6BD}.Release|iPhoneSimulator.Build.0 = Release|Any CPU
		{A78FE340-F556-4961-B774-67DFD5FFE6BD}.Release|x64.ActiveCfg = Release|Any CPU
		{A78FE340-F556-4961-B774-67DFD5FFE6BD}.Release|x64.Build.0 = Release|Any CPU
		{A78FE340-F556-4961-B774-67DFD5FFE6BD}.Release|x86.ActiveCfg = Release|Any CPU
		{A78FE340-F556-4961-B774-67DFD5FFE6BD}.Release|x86.Build.0 = Release|Any CPU
	EndGlobalSection
	GlobalSection(SolutionProperties) = preSolution
		HideSolutionNode = FALSE
	EndGlobalSection
	GlobalSection(NestedProjects) = preSolution
		{779EA49C-7DC6-451B-A7CD-1BD4D7620699} = {40EDC417-5F0A-452F-BA92-A6F842F6F267}
		{FB9BE69A-7375-4241-BEFA-5219853DF4B3} = {40EDC417-5F0A-452F-BA92-A6F842F6F267}
		{CA69AD26-6FC9-4C02-B71F-4578E1868E13} = {40EDC417-5F0A-452F-BA92-A6F842F6F267}
		{785CFAF8-C0DE-4EE5-A734-752313F6E1D7} = {40EDC417-5F0A-452F-BA92-A6F842F6F267}
		{1F9869F8-EDF1-47D7-AFE3-3CA7481A7283} = {40EDC417-5F0A-452F-BA92-A6F842F6F267}
		{A78FE340-F556-4961-B774-67DFD5FFE6BD} = {40EDC417-5F0A-452F-BA92-A6F842F6F267}
	EndGlobalSection
EndGlobal
